
Microsoft Visual Studio Solution File, Format Version 12.00
# Visual Studio Version 17
VisualStudioVersion = 17.3.32819.101
MinimumVisualStudioVersion = 10.0.40219.1
Project("{FAE04EC0-301F-11D3-BF4B-00C04F79EFBC}") = "SimulatorConsole", "SimulatorConsole\SimulatorConsole.csproj", "{CE7E8A4A-F1F7-4EAF-8088-7450A2A8B5A0}"
EndProject
Project("{FAE04EC0-301F-11D3-BF4B-00C04F79EFBC}") = "FlightLib", "FlightLib\FlightLib.csproj", "{44556C78-FA9F-4CFE-8BBB-87D2116977B9}"
EndProject
Global
	GlobalSection(SolutionConfigurationPlatforms) = preSolution
		Debug|Any CPU = Debug|Any CPU
		Release|Any CPU = Release|Any CPU
	EndGlobalSection
	GlobalSection(ProjectConfigurationPlatforms) = postSolution
		{CE7E8A4A-F1F7-4EAF-8088-7450A2A8B5A0}.Debug|Any CPU.ActiveCfg = Debug|Any CPU
		{CE7E8A4A-F1F7-4EAF-8088-7450A2A8B5A0}.Debug|Any CPU.Build.0 = Debug|Any CPU
		{CE7E8A4A-F1F7-4EAF-8088-7450A2A8B5A0}.Release|Any CPU.ActiveCfg = Release|Any CPU
		{CE7E8A4A-F1F7-4EAF-8088-7450A2A8B5A0}.Release|Any CPU.Build.0 = Release|Any CPU
		{44556C78-FA9F-4CFE-8BBB-87D2116977B9}.Debug|Any CPU.ActiveCfg = Debug|Any CPU
		{44556C78-FA9F-4CFE-8BBB-87D2116977B9}.Debug|Any CPU.Build.0 = Debug|Any CPU
		{44556C78-FA9F-4CFE-8BBB-87D2116977B9}.Release|Any CPU.ActiveCfg = Release|Any CPU
		{44556C78-FA9F-4CFE-8BBB-87D2116977B9}.Release|Any CPU.Build.0 = Release|Any CPU
	EndGlobalSection
	GlobalSection(SolutionProperties) = preSolution
		HideSolutionNode = FALSE
	EndGlobalSection
	GlobalSection(ExtensibilityGlobals) = postSolution
		SolutionGuid = {43BCD25A-B442-40BF-88DA-3B34768DF37D}
	EndGlobalSection
EndGlobal
